
Microsoft Visual Studio Solution File, Format Version 12.00
Project("{FAE04EC0-301F-11D3-BF4B-00C04F79EFBC}") = "DeliveryApp.Api", "DeliveryApp.Api\DeliveryApp.Api.csproj", "{B4CE4E3D-7687-4821-9EC4-7E1400C75930}"
EndProject
Project("{FAE04EC0-301F-11D3-BF4B-00C04F79EFBC}") = "DeliveryApp.Core", "DeliveryApp.Core\DeliveryApp.Core.csproj", "{68B5B5F4-AA75-4150-9BF6-15548F7DD658}"
EndProject
Project("{FAE04EC0-301F-11D3-BF4B-00C04F79EFBC}") = "DeliveryApp.Infrastructure", "DeliveryApp.Infrastructure\DeliveryApp.Infrastructure.csproj", "{4D84CDB3-374E-4C04-9627-32FDE75D69D7}"
EndProject
Project("{2150E333-8FDC-42A3-9474-1A3956D46DE8}") = "Tests", "Tests", "{68B9E0C9-9446-4725-B3F3-D390A80B4206}"
EndProject
Project("{FAE04EC0-301F-11D3-BF4B-00C04F79EFBC}") = "DeliveryApp.Core.Tests", "DeliveryApp.Core.Tests\DeliveryApp.Core.Tests.csproj", "{236DEE58-BAB5-4E8A-B9B6-49C2EC325EA3}"
EndProject
Project("{2150E333-8FDC-42A3-9474-1A3956D46DE8}") = "Utils", "Utils", "{CE4475C3-1CA8-4FB3-AA51-C6C7AD3B55BD}"
EndProject
Project("{FAE04EC0-301F-11D3-BF4B-00C04F79EFBC}") = "Primitives", "Primitives\Primitives.csproj", "{3E249506-A640-4E6E-895F-51EE0C2984EA}"
EndProject
Project("{FAE04EC0-301F-11D3-BF4B-00C04F79EFBC}") = "DeliveryApp.IntegrationTests", "DeliveryApp.IntegrationTests\DeliveryApp.IntegrationTests.csproj", "{BED1294D-799C-460A-9803-EFC994E7D0ED}"
EndProject
Global
	GlobalSection(SolutionConfigurationPlatforms) = preSolution
		Debug|Any CPU = Debug|Any CPU
		Release|Any CPU = Release|Any CPU
	EndGlobalSection
	GlobalSection(ProjectConfigurationPlatforms) = postSolution
		{B4CE4E3D-7687-4821-9EC4-7E1400C75930}.Debug|Any CPU.ActiveCfg = Debug|Any CPU
		{B4CE4E3D-7687-4821-9EC4-7E1400C75930}.Debug|Any CPU.Build.0 = Debug|Any CPU
		{B4CE4E3D-7687-4821-9EC4-7E1400C75930}.Release|Any CPU.ActiveCfg = Release|Any CPU
		{B4CE4E3D-7687-4821-9EC4-7E1400C75930}.Release|Any CPU.Build.0 = Release|Any CPU
		{68B5B5F4-AA75-4150-9BF6-15548F7DD658}.Debug|Any CPU.ActiveCfg = Debug|Any CPU
		{68B5B5F4-AA75-4150-9BF6-15548F7DD658}.Debug|Any CPU.Build.0 = Debug|Any CPU
		{68B5B5F4-AA75-4150-9BF6-15548F7DD658}.Release|Any CPU.ActiveCfg = Release|Any CPU
		{68B5B5F4-AA75-4150-9BF6-15548F7DD658}.Release|Any CPU.Build.0 = Release|Any CPU
		{4D84CDB3-374E-4C04-9627-32FDE75D69D7}.Debug|Any CPU.ActiveCfg = Debug|Any CPU
		{4D84CDB3-374E-4C04-9627-32FDE75D69D7}.Debug|Any CPU.Build.0 = Debug|Any CPU
		{4D84CDB3-374E-4C04-9627-32FDE75D69D7}.Release|Any CPU.ActiveCfg = Release|Any CPU
		{4D84CDB3-374E-4C04-9627-32FDE75D69D7}.Release|Any CPU.Build.0 = Release|Any CPU
		{236DEE58-BAB5-4E8A-B9B6-49C2EC325EA3}.Debug|Any CPU.ActiveCfg = Debug|Any CPU
		{236DEE58-BAB5-4E8A-B9B6-49C2EC325EA3}.Debug|Any CPU.Build.0 = Debug|Any CPU
		{236DEE58-BAB5-4E8A-B9B6-49C2EC325EA3}.Release|Any CPU.ActiveCfg = Release|Any CPU
		{236DEE58-BAB5-4E8A-B9B6-49C2EC325EA3}.Release|Any CPU.Build.0 = Release|Any CPU
		{3E249506-A640-4E6E-895F-51EE0C2984EA}.Debug|Any CPU.ActiveCfg = Debug|Any CPU
		{3E249506-A640-4E6E-895F-51EE0C2984EA}.Debug|Any CPU.Build.0 = Debug|Any CPU
		{3E249506-A640-4E6E-895F-51EE0C2984EA}.Release|Any CPU.ActiveCfg = Release|Any CPU
		{3E249506-A640-4E6E-895F-51EE0C2984EA}.Release|Any CPU.Build.0 = Release|Any CPU
		{BED1294D-799C-460A-9803-EFC994E7D0ED}.Debug|Any CPU.ActiveCfg = Debug|Any CPU
		{BED1294D-799C-460A-9803-EFC994E7D0ED}.Debug|Any CPU.Build.0 = Debug|Any CPU
		{BED1294D-799C-460A-9803-EFC994E7D0ED}.Release|Any CPU.ActiveCfg = Release|Any CPU
		{BED1294D-799C-460A-9803-EFC994E7D0ED}.Release|Any CPU.Build.0 = Release|Any CPU
	EndGlobalSection
	GlobalSection(NestedProjects) = preSolution
		{236DEE58-BAB5-4E8A-B9B6-49C2EC325EA3} = {68B9E0C9-9446-4725-B3F3-D390A80B4206}
		{3E249506-A640-4E6E-895F-51EE0C2984EA} = {CE4475C3-1CA8-4FB3-AA51-C6C7AD3B55BD}
		{BED1294D-799C-460A-9803-EFC994E7D0ED} = {68B9E0C9-9446-4725-B3F3-D390A80B4206}
	EndGlobalSection
EndGlobal
